
Microsoft Visual Studio Solution File, Format Version 12.00
# Visual Studio 2013
VisualStudioVersion = 12.0.40629.0
MinimumVisualStudioVersion = 10.0.40219.1
Project("{FAE04EC0-301F-11D3-BF4B-00C04F79EFBC}") = "ProcurementErp", "ProcurementErp\ProcurementErp.csproj", "{A2483533-1878-4A2D-B0D9-6BC477A7F20A}"
EndProject
Project("{FAE04EC0-301F-11D3-BF4B-00C04F79EFBC}") = "ProcurementErpVendor", "ProcurementErpVendor\ProcurementErpVendor.csproj", "{1096876A-3E47-4F8F-8DDA-114875C85067}"
EndProject
Project("{2150E333-8FDC-42A3-9474-1A3956D46DE8}") = "Published", "Published", "{7C6570F2-E343-417E-8661-13CB2825F014}"
	ProjectSection(SolutionItems) = preProject
		Published\ProcurementErp.zip = Published\ProcurementErp.zip
		Published\ProcurementErpVendor.zip = Published\ProcurementErpVendor.zip
	EndProjectSection
EndProject
Global
	GlobalSection(TeamFoundationVersionControl) = preSolution
		SccNumberOfProjects = 3
		SccEnterpriseProvider = {4CA58AB2-18FA-4F8D-95D4-32DDF27D184C}
		SccTeamFoundationServer = http://srclib:8080/tfs/application%20development%20(fcubs%20sit)
		SccLocalPath0 = .
		SccProjectUniqueName1 = ProcurementErp\\ProcurementErp.csproj
		SccProjectName1 = ProcurementErp
		SccLocalPath1 = ProcurementErp
		SccProjectUniqueName2 = ProcurementErpVendor\\ProcurementErpVendor.csproj
		SccProjectName2 = ProcurementErpVendor
		SccLocalPath2 = ProcurementErpVendor
	EndGlobalSection
	GlobalSection(SolutionConfigurationPlatforms) = preSolution
		Debug|Any CPU = Debug|Any CPU
		Release|Any CPU = Release|Any CPU
	EndGlobalSection
	GlobalSection(ProjectConfigurationPlatforms) = postSolution
		{A2483533-1878-4A2D-B0D9-6BC477A7F20A}.Debug|Any CPU.ActiveCfg = Debug|Any CPU
		{A2483533-1878-4A2D-B0D9-6BC477A7F20A}.Debug|Any CPU.Build.0 = Debug|Any CPU
		{A2483533-1878-4A2D-B0D9-6BC477A7F20A}.Release|Any CPU.ActiveCfg = Release|Any CPU
		{A2483533-1878-4A2D-B0D9-6BC477A7F20A}.Release|Any CPU.Build.0 = Release|Any CPU
		{1096876A-3E47-4F8F-8DDA-114875C85067}.Debug|Any CPU.ActiveCfg = Debug|Any CPU
		{1096876A-3E47-4F8F-8DDA-114875C85067}.Debug|Any CPU.Build.0 = Debug|Any CPU
		{1096876A-3E47-4F8F-8DDA-114875C85067}.Release|Any CPU.ActiveCfg = Release|Any CPU
		{1096876A-3E47-4F8F-8DDA-114875C85067}.Release|Any CPU.Build.0 = Release|Any CPU
	EndGlobalSection
	GlobalSection(SolutionProperties) = preSolution
		HideSolutionNode = FALSE
	EndGlobalSection
EndGlobal
